
Microsoft Visual Studio Solution File, Format Version 12.00
# Visual Studio Version 16
VisualStudioVersion = 16.0.28803.352
MinimumVisualStudioVersion = 10.0.40219.1
Project("{FAE04EC0-301F-11D3-BF4B-00C04F79EFBC}") = "sports complex", "sports complex\sports complex.csproj", "{22330C93-2A22-4410-A9B1-1AFF4671CC8D}"
EndProject
Global
	GlobalSection(SolutionConfigurationPlatforms) = preSolution
		Debug|Any CPU = Debug|Any CPU
		Release|Any CPU = Release|Any CPU
	EndGlobalSection
	GlobalSection(ProjectConfigurationPlatforms) = postSolution
		{22330C93-2A22-4410-A9B1-1AFF4671CC8D}.Debug|Any CPU.ActiveCfg = Debug|Any CPU
		{22330C93-2A22-4410-A9B1-1AFF4671CC8D}.Debug|Any CPU.Build.0 = Debug|Any CPU
		{22330C93-2A22-4410-A9B1-1AFF4671CC8D}.Release|Any CPU.ActiveCfg = Release|Any CPU
		{22330C93-2A22-4410-A9B1-1AFF4671CC8D}.Release|Any CPU.Build.0 = Release|Any CPU
	EndGlobalSection
	GlobalSection(SolutionProperties) = preSolution
		HideSolutionNode = FALSE
	EndGlobalSection
	GlobalSection(ExtensibilityGlobals) = postSolution
		SolutionGuid = {F3FB9202-D625-4440-B7BD-5CE1D15AA1B9}
	EndGlobalSection
EndGlobal
